{
  "name": "moo-plugins",
  "lockfileVersion": 3,
  "requires": true,
  "packages": {
    "": {
      "name": "moo-plugins",
      "devDependencies": {
        "@tishlang/tish": "4.0.1",
        "lattish": "4.0.4"
      }
    },
    "node_modules/@tishlang/tish": {
      "version": "4.0.1",
      "resolved": "https://registry.npmjs.org/@tishlang/tish/-/tish-4.0.1.tgz",
      "integrity": "sha512-HnhS1mZCerYaBrmuO5pjhdffjK18WiyY5ZgPdYGQyW44kelKLDGu7pKDhpJ+gvLatACsQCNB3p1efKGaDA3z8w==",
      "dev": true,
      "hasInstallScript": true,
      "license": "MIT",
      "bin": {
        "tish": "bin/tish"
      },
      "engines": {
        "node": ">=22"
      }
    },
    "node_modules/lattish": {
      "version": "4.0.4",
      "resolved": "https://registry.npmjs.org/lattish/-/lattish-4.0.4.tgz",
      "integrity": "sha512-3rvrCmWzRTS0TFWR/DrcJRjxEoICdkjqcPw+PGU1zTtQf0yhRcqSPvQ0O5ZMobKzyit8CZJ8AHXoeAOlzBr9sA==",
      "dev": true,
      "license": "PIF",
      "engines": {
        "node": ">=22"
      }
    }
  }
}
