{
  "name": "moo-plugins",
  "lockfileVersion": 3,
  "requires": true,
  "packages": {
    "": {
      "name": "moo-plugins",
      "devDependencies": {
        "@tishlang/tish": "3.15.1",
        "lattish": "4.0.4"
      }
    },
    "node_modules/@tishlang/tish": {
      "version": "3.15.1",
      "resolved": "https://registry.npmjs.org/@tishlang/tish/-/tish-3.15.1.tgz",
      "integrity": "sha512-E2X5CUMes2+q5dyW/WFjxBtrE3h3yv9aFpFmXThyTC/ROgdQOSbIFB0wGitq7W5hJYwJxtFnNwWIDg+nfI6geQ==",
      "dev": true,
      "hasInstallScript": true,
      "license": "PIF",
      "bin": {
        "tish": "bin/tish"
      },
      "engines": {
        "node": ">=22"
      }
    },
    "node_modules/lattish": {
      "version": "4.0.4",
      "resolved": "https://registry.npmjs.org/lattish/-/lattish-4.0.4.tgz",
      "integrity": "sha512-3rvrCmWzRTS0TFWR/DrcJRjxEoICdkjqcPw+PGU1zTtQf0yhRcqSPvQ0O5ZMobKzyit8CZJ8AHXoeAOlzBr9sA==",
      "dev": true,
      "license": "PIF",
      "engines": {
        "node": ">=22"
      }
    }
  }
}
